
Microsoft Visual Studio Solution File, Format Version 12.00
# Visual Studio Version 17
VisualStudioVersion = 17.7.34202.233
MinimumVisualStudioVersion = 10.0.40219.1
Project("{9A19103F-16F7-4668-BE54-9A1E7A4F7556}") = "01.EasterLunch", "01.EasterLunch\01.EasterLunch.csproj", "{A69BF317-8644-468D-AB67-551E4CCC1DA4}"
EndProject
Project("{9A19103F-16F7-4668-BE54-9A1E7A4F7556}") = "01.EasterBakery", "01.EasterBakery\01.EasterBakery.csproj", "{8EE488A5-8634-4EA4-9784-7C43A1BA61DC}"
EndProject
Project("{9A19103F-16F7-4668-BE54-9A1E7A4F7556}") = "02.EasterParty", "02.EasterParty\02.EasterParty.csproj", "{A3B7D560-E71F-4E22-8EEC-9BCEF4E336D4}"
EndProject
Project("{9A19103F-16F7-4668-BE54-9A1E7A4F7556}") = "02.EasterGuests", "02.EasterGuests\02.EasterGuests.csproj", "{06062221-3CA0-45E8-B75C-D2C0B395B803}"
EndProject
Project("{9A19103F-16F7-4668-BE54-9A1E7A4F7556}") = "03.EasterTrip", "03.EasterTrip\03.EasterTrip.csproj", "{A22D3B7E-195A-457C-B1AB-CC17F4F1CA75}"
EndProject
Project("{9A19103F-16F7-4668-BE54-9A1E7A4F7556}") = "03.PaintingEggs", "03.PaintingEggs\03.PaintingEggs.csproj", "{C689155B-0FB3-40A4-ACD6-D16C07267041}"
EndProject
Project("{9A19103F-16F7-4668-BE54-9A1E7A4F7556}") = "04.EasterEggsBattle", "04.EasterEggsBattle\04.EasterEggsBattle.csproj", "{607687ED-1FF5-44C7-86DA-B21AC91DD625}"
EndProject
Project("{9A19103F-16F7-4668-BE54-9A1E7A4F7556}") = "04.EasterShop", "04.EasterShop\04.EasterShop.csproj", "{3BFD544E-F061-4450-BC54-04B274BF0A51}"
EndProject
Project("{9A19103F-16F7-4668-BE54-9A1E7A4F7556}") = "05.EasterEggs", "05.EasterEggs\05.EasterEggs.csproj", "{6DF43F87-838F-4C80-AE68-DE467E611196}"
EndProject
Project("{9A19103F-16F7-4668-BE54-9A1E7A4F7556}") = "05.EasterBake", "05.EasterBake\05.EasterBake.csproj", "{29BD102C-A809-44D2-BB57-C460C31B3DBC}"
EndProject
Project("{FAE04EC0-301F-11D3-BF4B-00C04F79EFBC}") = "06.EasterCompetition", "06.EstrCom\06.EasterCompetition.csproj", "{3E22B63D-6ECA-40EA-AD47-BF85DCC13203}"
EndProject
Project("{FAE04EC0-301F-11D3-BF4B-00C04F79EFBC}") = "06.EasterDecoration", "06.EDec\06.EasterDecoration.csproj", "{EF8FFFF2-E966-491A-8B3B-F9E26E22728D}"
EndProject
Global
	GlobalSection(SolutionConfigurationPlatforms) = preSolution
		Debug|Any CPU = Debug|Any CPU
		Release|Any CPU = Release|Any CPU
	EndGlobalSection
	GlobalSection(ProjectConfigurationPlatforms) = postSolution
		{A69BF317-8644-468D-AB67-551E4CCC1DA4}.Debug|Any CPU.ActiveCfg = Debug|Any CPU
		{A69BF317-8644-468D-AB67-551E4CCC1DA4}.Debug|Any CPU.Build.0 = Debug|Any CPU
		{A69BF317-8644-468D-AB67-551E4CCC1DA4}.Release|Any CPU.ActiveCfg = Release|Any CPU
		{A69BF317-8644-468D-AB67-551E4CCC1DA4}.Release|Any CPU.Build.0 = Release|Any CPU
		{8EE488A5-8634-4EA4-9784-7C43A1BA61DC}.Debug|Any CPU.ActiveCfg = Debug|Any CPU
		{8EE488A5-8634-4EA4-9784-7C43A1BA61DC}.Debug|Any CPU.Build.0 = Debug|Any CPU
		{8EE488A5-8634-4EA4-9784-7C43A1BA61DC}.Release|Any CPU.ActiveCfg = Release|Any CPU
		{8EE488A5-8634-4EA4-9784-7C43A1BA61DC}.Release|Any CPU.Build.0 = Release|Any CPU
		{A3B7D560-E71F-4E22-8EEC-9BCEF4E336D4}.Debug|Any CPU.ActiveCfg = Debug|Any CPU
		{A3B7D560-E71F-4E22-8EEC-9BCEF4E336D4}.Debug|Any CPU.Build.0 = Debug|Any CPU
		{A3B7D560-E71F-4E22-8EEC-9BCEF4E336D4}.Release|Any CPU.ActiveCfg = Release|Any CPU
		{A3B7D560-E71F-4E22-8EEC-9BCEF4E336D4}.Release|Any CPU.Build.0 = Release|Any CPU
		{06062221-3CA0-45E8-B75C-D2C0B395B803}.Debug|Any CPU.ActiveCfg = Debug|Any CPU
		{06062221-3CA0-45E8-B75C-D2C0B395B803}.Debug|Any CPU.Build.0 = Debug|Any CPU
		{06062221-3CA0-45E8-B75C-D2C0B395B803}.Release|Any CPU.ActiveCfg = Release|Any CPU
		{06062221-3CA0-45E8-B75C-D2C0B395B803}.Release|Any CPU.Build.0 = Release|Any CPU
		{A22D3B7E-195A-457C-B1AB-CC17F4F1CA75}.Debug|Any CPU.ActiveCfg = Debug|Any CPU
		{A22D3B7E-195A-457C-B1AB-CC17F4F1CA75}.Debug|Any CPU.Build.0 = Debug|Any CPU
		{A22D3B7E-195A-457C-B1AB-CC17F4F1CA75}.Release|Any CPU.ActiveCfg = Release|Any CPU
		{A22D3B7E-195A-457C-B1AB-CC17F4F1CA75}.Release|Any CPU.Build.0 = Release|Any CPU
		{C689155B-0FB3-40A4-ACD6-D16C07267041}.Debug|Any CPU.ActiveCfg = Debug|Any CPU
		{C689155B-0FB3-40A4-ACD6-D16C07267041}.Debug|Any CPU.Build.0 = Debug|Any CPU
		{C689155B-0FB3-40A4-ACD6-D16C07267041}.Release|Any CPU.ActiveCfg = Release|Any CPU
		{C689155B-0FB3-40A4-ACD6-D16C07267041}.Release|Any CPU.Build.0 = Release|Any CPU
		{607687ED-1FF5-44C7-86DA-B21AC91DD625}.Debug|Any CPU.ActiveCfg = Debug|Any CPU
		{607687ED-1FF5-44C7-86DA-B21AC91DD625}.Debug|Any CPU.Build.0 = Debug|Any CPU
		{607687ED-1FF5-44C7-86DA-B21AC91DD625}.Release|Any CPU.ActiveCfg = Release|Any CPU
		{607687ED-1FF5-44C7-86DA-B21AC91DD625}.Release|Any CPU.Build.0 = Release|Any CPU
		{3BFD544E-F061-4450-BC54-04B274BF0A51}.Debug|Any CPU.ActiveCfg = Debug|Any CPU
		{3BFD544E-F061-4450-BC54-04B274BF0A51}.Debug|Any CPU.Build.0 = Debug|Any CPU
		{3BFD544E-F061-4450-BC54-04B274BF0A51}.Release|Any CPU.ActiveCfg = Release|Any CPU
		{3BFD544E-F061-4450-BC54-04B274BF0A51}.Release|Any CPU.Build.0 = Release|Any CPU
		{6DF43F87-838F-4C80-AE68-DE467E611196}.Debug|Any CPU.ActiveCfg = Debug|Any CPU
		{6DF43F87-838F-4C80-AE68-DE467E611196}.Debug|Any CPU.Build.0 = Debug|Any CPU
		{6DF43F87-838F-4C80-AE68-DE467E611196}.Release|Any CPU.ActiveCfg = Release|Any CPU
		{6DF43F87-838F-4C80-AE68-DE467E611196}.Release|Any CPU.Build.0 = Release|Any CPU
		{29BD102C-A809-44D2-BB57-C460C31B3DBC}.Debug|Any CPU.ActiveCfg = Debug|Any CPU
		{29BD102C-A809-44D2-BB57-C460C31B3DBC}.Debug|Any CPU.Build.0 = Debug|Any CPU
		{29BD102C-A809-44D2-BB57-C460C31B3DBC}.Release|Any CPU.ActiveCfg = Release|Any CPU
		{29BD102C-A809-44D2-BB57-C460C31B3DBC}.Release|Any CPU.Build.0 = Release|Any CPU
		{3E22B63D-6ECA-40EA-AD47-BF85DCC13203}.Debug|Any CPU.ActiveCfg = Debug|Any CPU
		{3E22B63D-6ECA-40EA-AD47-BF85DCC13203}.Debug|Any CPU.Build.0 = Debug|Any CPU
		{3E22B63D-6ECA-40EA-AD47-BF85DCC13203}.Release|Any CPU.ActiveCfg = Release|Any CPU
		{3E22B63D-6ECA-40EA-AD47-BF85DCC13203}.Release|Any CPU.Build.0 = Release|Any CPU
		{EF8FFFF2-E966-491A-8B3B-F9E26E22728D}.Debug|Any CPU.ActiveCfg = Debug|Any CPU
		{EF8FFFF2-E966-491A-8B3B-F9E26E22728D}.Debug|Any CPU.Build.0 = Debug|Any CPU
		{EF8FFFF2-E966-491A-8B3B-F9E26E22728D}.Release|Any CPU.ActiveCfg = Release|Any CPU
		{EF8FFFF2-E966-491A-8B3B-F9E26E22728D}.Release|Any CPU.Build.0 = Release|Any CPU
	EndGlobalSection
	GlobalSection(SolutionProperties) = preSolution
		HideSolutionNode = FALSE
	EndGlobalSection
	GlobalSection(ExtensibilityGlobals) = postSolution
		SolutionGuid = {7E436764-0D86-4D7E-B921-0F9382981F2B}
	EndGlobalSection
EndGlobal
