
Microsoft Visual Studio Solution File, Format Version 12.00
# Visual Studio Version 17
VisualStudioVersion = 17.9.34723.18
MinimumVisualStudioVersion = 10.0.40219.1
Project("{FAE04EC0-301F-11D3-BF4B-00C04F79EFBC}") = "01. CalculateSumPrimeNumbers", "01. CalculateSumPrimeNumbers\01. CalculateSumPrimeNumbers.csproj", "{F0C22B7F-5C15-4212-A227-1F292BB92F3F}"
EndProject
Project("{FAE04EC0-301F-11D3-BF4B-00C04F79EFBC}") = "02. BiggerNumbers", "02. BiggerNumbers\02. BiggerNumbers.csproj", "{A2397289-7234-4B2E-9C7E-57D1B2D862B4}"
EndProject
Global
	GlobalSection(SolutionConfigurationPlatforms) = preSolution
		Debug|Any CPU = Debug|Any CPU
		Release|Any CPU = Release|Any CPU
	EndGlobalSection
	GlobalSection(ProjectConfigurationPlatforms) = postSolution
		{F0C22B7F-5C15-4212-A227-1F292BB92F3F}.Debug|Any CPU.ActiveCfg = Debug|Any CPU
		{F0C22B7F-5C15-4212-A227-1F292BB92F3F}.Debug|Any CPU.Build.0 = Debug|Any CPU
		{F0C22B7F-5C15-4212-A227-1F292BB92F3F}.Release|Any CPU.ActiveCfg = Release|Any CPU
		{F0C22B7F-5C15-4212-A227-1F292BB92F3F}.Release|Any CPU.Build.0 = Release|Any CPU
		{A2397289-7234-4B2E-9C7E-57D1B2D862B4}.Debug|Any CPU.ActiveCfg = Debug|Any CPU
		{A2397289-7234-4B2E-9C7E-57D1B2D862B4}.Debug|Any CPU.Build.0 = Debug|Any CPU
		{A2397289-7234-4B2E-9C7E-57D1B2D862B4}.Release|Any CPU.ActiveCfg = Release|Any CPU
		{A2397289-7234-4B2E-9C7E-57D1B2D862B4}.Release|Any CPU.Build.0 = Release|Any CPU
	EndGlobalSection
	GlobalSection(SolutionProperties) = preSolution
		HideSolutionNode = FALSE
	EndGlobalSection
	GlobalSection(ExtensibilityGlobals) = postSolution
		SolutionGuid = {BCA66D62-F423-4C28-9277-761BDA3E70C1}
	EndGlobalSection
EndGlobal
