
Microsoft Visual Studio Solution File, Format Version 12.00
# Visual Studio Version 17
VisualStudioVersion = 17.9.34723.18
MinimumVisualStudioVersion = 10.0.40219.1
Project("{FAE04EC0-301F-11D3-BF4B-00C04F79EFBC}") = "01. Change List", "01. Change List\01. Change List.csproj", "{A6567456-8220-4178-87BE-4F8075F0AA49}"
EndProject
Project("{FAE04EC0-301F-11D3-BF4B-00C04F79EFBC}") = "02. List of Products", "02. List of Products\02. List of Products.csproj", "{19A81C44-AE1F-448F-90CD-82074B33157F}"
EndProject
Project("{FAE04EC0-301F-11D3-BF4B-00C04F79EFBC}") = "03. Remove Negatives and Reverse", "03. Remove Negatives and Reverse\03. Remove Negatives and Reverse.csproj", "{039CD2E1-53F5-4428-8671-77E38506475E}"
EndProject
Project("{FAE04EC0-301F-11D3-BF4B-00C04F79EFBC}") = "04. List Manipulation Basics", "04. List Manipulation Basics\04. List Manipulation Basics.csproj", "{B4D6A04F-2B83-4D01-9048-B935BDFDF759}"
EndProject
Project("{FAE04EC0-301F-11D3-BF4B-00C04F79EFBC}") = "05. List Manipulation Advanced", "05. List Manipulation Advanced\05. List Manipulation Advanced.csproj", "{ECEAB521-F596-40E7-A7A7-D9DDD2857395}"
EndProject
Global
	GlobalSection(SolutionConfigurationPlatforms) = preSolution
		Debug|Any CPU = Debug|Any CPU
		Release|Any CPU = Release|Any CPU
	EndGlobalSection
	GlobalSection(ProjectConfigurationPlatforms) = postSolution
		{A6567456-8220-4178-87BE-4F8075F0AA49}.Debug|Any CPU.ActiveCfg = Debug|Any CPU
		{A6567456-8220-4178-87BE-4F8075F0AA49}.Debug|Any CPU.Build.0 = Debug|Any CPU
		{A6567456-8220-4178-87BE-4F8075F0AA49}.Release|Any CPU.ActiveCfg = Release|Any CPU
		{A6567456-8220-4178-87BE-4F8075F0AA49}.Release|Any CPU.Build.0 = Release|Any CPU
		{19A81C44-AE1F-448F-90CD-82074B33157F}.Debug|Any CPU.ActiveCfg = Debug|Any CPU
		{19A81C44-AE1F-448F-90CD-82074B33157F}.Debug|Any CPU.Build.0 = Debug|Any CPU
		{19A81C44-AE1F-448F-90CD-82074B33157F}.Release|Any CPU.ActiveCfg = Release|Any CPU
		{19A81C44-AE1F-448F-90CD-82074B33157F}.Release|Any CPU.Build.0 = Release|Any CPU
		{039CD2E1-53F5-4428-8671-77E38506475E}.Debug|Any CPU.ActiveCfg = Debug|Any CPU
		{039CD2E1-53F5-4428-8671-77E38506475E}.Debug|Any CPU.Build.0 = Debug|Any CPU
		{039CD2E1-53F5-4428-8671-77E38506475E}.Release|Any CPU.ActiveCfg = Release|Any CPU
		{039CD2E1-53F5-4428-8671-77E38506475E}.Release|Any CPU.Build.0 = Release|Any CPU
		{B4D6A04F-2B83-4D01-9048-B935BDFDF759}.Debug|Any CPU.ActiveCfg = Debug|Any CPU
		{B4D6A04F-2B83-4D01-9048-B935BDFDF759}.Debug|Any CPU.Build.0 = Debug|Any CPU
		{B4D6A04F-2B83-4D01-9048-B935BDFDF759}.Release|Any CPU.ActiveCfg = Release|Any CPU
		{B4D6A04F-2B83-4D01-9048-B935BDFDF759}.Release|Any CPU.Build.0 = Release|Any CPU
		{ECEAB521-F596-40E7-A7A7-D9DDD2857395}.Debug|Any CPU.ActiveCfg = Debug|Any CPU
		{ECEAB521-F596-40E7-A7A7-D9DDD2857395}.Debug|Any CPU.Build.0 = Debug|Any CPU
		{ECEAB521-F596-40E7-A7A7-D9DDD2857395}.Release|Any CPU.ActiveCfg = Release|Any CPU
		{ECEAB521-F596-40E7-A7A7-D9DDD2857395}.Release|Any CPU.Build.0 = Release|Any CPU
	EndGlobalSection
	GlobalSection(SolutionProperties) = preSolution
		HideSolutionNode = FALSE
	EndGlobalSection
	GlobalSection(ExtensibilityGlobals) = postSolution
		SolutionGuid = {397CD283-D04F-4CD2-973C-E64704A40840}
	EndGlobalSection
EndGlobal
