
Microsoft Visual Studio Solution File, Format Version 12.00
# Visual Studio Version 17
VisualStudioVersion = 17.9.34723.18
MinimumVisualStudioVersion = 10.0.40219.1
Project("{9A19103F-16F7-4668-BE54-9A1E7A4F7556}") = "CalculateFactorialNumber", "01. CalculateFactorialNumber\CalculateFactorialNumber.csproj", "{9475A20A-16B0-4303-9ADF-8055B1DD2C36}"
EndProject
Project("{9A19103F-16F7-4668-BE54-9A1E7A4F7556}") = "SmallerNumbers", "02. SmallerNumbers\SmallerNumbers.csproj", "{AC7A7CA5-DCE9-4555-9F4B-255F9B820F88}"
EndProject
Global
	GlobalSection(SolutionConfigurationPlatforms) = preSolution
		Debug|Any CPU = Debug|Any CPU
		Release|Any CPU = Release|Any CPU
	EndGlobalSection
	GlobalSection(ProjectConfigurationPlatforms) = postSolution
		{9475A20A-16B0-4303-9ADF-8055B1DD2C36}.Debug|Any CPU.ActiveCfg = Debug|Any CPU
		{9475A20A-16B0-4303-9ADF-8055B1DD2C36}.Debug|Any CPU.Build.0 = Debug|Any CPU
		{9475A20A-16B0-4303-9ADF-8055B1DD2C36}.Release|Any CPU.ActiveCfg = Release|Any CPU
		{9475A20A-16B0-4303-9ADF-8055B1DD2C36}.Release|Any CPU.Build.0 = Release|Any CPU
		{AC7A7CA5-DCE9-4555-9F4B-255F9B820F88}.Debug|Any CPU.ActiveCfg = Debug|Any CPU
		{AC7A7CA5-DCE9-4555-9F4B-255F9B820F88}.Debug|Any CPU.Build.0 = Debug|Any CPU
		{AC7A7CA5-DCE9-4555-9F4B-255F9B820F88}.Release|Any CPU.ActiveCfg = Release|Any CPU
		{AC7A7CA5-DCE9-4555-9F4B-255F9B820F88}.Release|Any CPU.Build.0 = Release|Any CPU
	EndGlobalSection
	GlobalSection(SolutionProperties) = preSolution
		HideSolutionNode = FALSE
	EndGlobalSection
	GlobalSection(ExtensibilityGlobals) = postSolution
		SolutionGuid = {4A37EA8C-8C73-483F-AC3A-219B7EB24673}
	EndGlobalSection
EndGlobal
