
Microsoft Visual Studio Solution File, Format Version 12.00
# Visual Studio Version 17
VisualStudioVersion = 17.8.34511.84
MinimumVisualStudioVersion = 10.0.40219.1
Project("{FAE04EC0-301F-11D3-BF4B-00C04F79EFBC}") = "TestApp", "TestApp\TestApp.csproj", "{28A66554-7BF1-4A3A-9EE4-FCAF260D478D}"
EndProject
Project("{FAE04EC0-301F-11D3-BF4B-00C04F79EFBC}") = "TestApp.Tests", "TestApp.Tests\TestApp.Tests.csproj", "{859BF4EF-5280-49FC-8DE7-1985A66F600E}"
EndProject
Global
	GlobalSection(SolutionConfigurationPlatforms) = preSolution
		Debug|Any CPU = Debug|Any CPU
		Release|Any CPU = Release|Any CPU
	EndGlobalSection
	GlobalSection(ProjectConfigurationPlatforms) = postSolution
		{28A66554-7BF1-4A3A-9EE4-FCAF260D478D}.Debug|Any CPU.ActiveCfg = Debug|Any CPU
		{28A66554-7BF1-4A3A-9EE4-FCAF260D478D}.Debug|Any CPU.Build.0 = Debug|Any CPU
		{28A66554-7BF1-4A3A-9EE4-FCAF260D478D}.Release|Any CPU.ActiveCfg = Release|Any CPU
		{28A66554-7BF1-4A3A-9EE4-FCAF260D478D}.Release|Any CPU.Build.0 = Release|Any CPU
		{859BF4EF-5280-49FC-8DE7-1985A66F600E}.Debug|Any CPU.ActiveCfg = Debug|Any CPU
		{859BF4EF-5280-49FC-8DE7-1985A66F600E}.Debug|Any CPU.Build.0 = Debug|Any CPU
		{859BF4EF-5280-49FC-8DE7-1985A66F600E}.Release|Any CPU.ActiveCfg = Release|Any CPU
		{859BF4EF-5280-49FC-8DE7-1985A66F600E}.Release|Any CPU.Build.0 = Release|Any CPU
	EndGlobalSection
	GlobalSection(SolutionProperties) = preSolution
		HideSolutionNode = FALSE
	EndGlobalSection
	GlobalSection(ExtensibilityGlobals) = postSolution
		SolutionGuid = {3B0184BC-F8A7-4DAD-BF1F-1C912FD1D63A}
	EndGlobalSection
EndGlobal
