
Microsoft Visual Studio Solution File, Format Version 12.00
# Visual Studio Version 17
VisualStudioVersion = 17.9.34723.18
MinimumVisualStudioVersion = 10.0.40219.1
Project("{9A19103F-16F7-4668-BE54-9A1E7A4F7556}") = "01. CountLetters", "01. CountLetters\01. CountLetters.csproj", "{FABDFC5A-B2DB-49AD-BF40-ADE267B86896}"
EndProject
Project("{FAE04EC0-301F-11D3-BF4B-00C04F79EFBC}") = "02. Max", "02. Max\02. Max.csproj", "{9986B858-87C9-48DD-8591-BA12721151AA}"
EndProject
Global
	GlobalSection(SolutionConfigurationPlatforms) = preSolution
		Debug|Any CPU = Debug|Any CPU
		Release|Any CPU = Release|Any CPU
	EndGlobalSection
	GlobalSection(ProjectConfigurationPlatforms) = postSolution
		{FABDFC5A-B2DB-49AD-BF40-ADE267B86896}.Debug|Any CPU.ActiveCfg = Debug|Any CPU
		{FABDFC5A-B2DB-49AD-BF40-ADE267B86896}.Debug|Any CPU.Build.0 = Debug|Any CPU
		{FABDFC5A-B2DB-49AD-BF40-ADE267B86896}.Release|Any CPU.ActiveCfg = Release|Any CPU
		{FABDFC5A-B2DB-49AD-BF40-ADE267B86896}.Release|Any CPU.Build.0 = Release|Any CPU
		{9986B858-87C9-48DD-8591-BA12721151AA}.Debug|Any CPU.ActiveCfg = Debug|Any CPU
		{9986B858-87C9-48DD-8591-BA12721151AA}.Debug|Any CPU.Build.0 = Debug|Any CPU
		{9986B858-87C9-48DD-8591-BA12721151AA}.Release|Any CPU.ActiveCfg = Release|Any CPU
		{9986B858-87C9-48DD-8591-BA12721151AA}.Release|Any CPU.Build.0 = Release|Any CPU
	EndGlobalSection
	GlobalSection(SolutionProperties) = preSolution
		HideSolutionNode = FALSE
	EndGlobalSection
	GlobalSection(ExtensibilityGlobals) = postSolution
		SolutionGuid = {420C4C5D-7F1C-49BF-A45E-47B084A8BBD5}
	EndGlobalSection
EndGlobal
